
Microsoft Visual Studio Solution File, Format Version 12.00
# Visual Studio Version 16
VisualStudioVersion = 16.0.31515.178
MinimumVisualStudioVersion = 10.0.40219.1
Project("{9A19103F-16F7-4668-BE54-9A1E7A4F7556}") = "ImssInventorySystem", "ImssInventorySystem\ImssInventorySystem.csproj", "{490A90A5-A425-4E1C-BF3A-D61951F37863}"
EndProject
Project("{9A19103F-16F7-4668-BE54-9A1E7A4F7556}") = "InventorySystem.console", "InventorySystem\InventorySystem.console.csproj", "{F1059D69-43C4-489D-A6FC-D36A17F3E45E}"
EndProject
Project("{FAE04EC0-301F-11D3-BF4B-00C04F79EFBC}") = "BusinessRules", "BusinessRules\BusinessRules.csproj", "{A71EA24D-2A1C-426D-B6B9-14585C79AD79}"
EndProject
Global
	GlobalSection(SolutionConfigurationPlatforms) = preSolution
		Debug|Any CPU = Debug|Any CPU
		Release|Any CPU = Release|Any CPU
	EndGlobalSection
	GlobalSection(ProjectConfigurationPlatforms) = postSolution
		{490A90A5-A425-4E1C-BF3A-D61951F37863}.Debug|Any CPU.ActiveCfg = Debug|Any CPU
		{490A90A5-A425-4E1C-BF3A-D61951F37863}.Debug|Any CPU.Build.0 = Debug|Any CPU
		{490A90A5-A425-4E1C-BF3A-D61951F37863}.Release|Any CPU.ActiveCfg = Release|Any CPU
		{490A90A5-A425-4E1C-BF3A-D61951F37863}.Release|Any CPU.Build.0 = Release|Any CPU
		{F1059D69-43C4-489D-A6FC-D36A17F3E45E}.Debug|Any CPU.ActiveCfg = Debug|Any CPU
		{F1059D69-43C4-489D-A6FC-D36A17F3E45E}.Debug|Any CPU.Build.0 = Debug|Any CPU
		{F1059D69-43C4-489D-A6FC-D36A17F3E45E}.Release|Any CPU.ActiveCfg = Release|Any CPU
		{F1059D69-43C4-489D-A6FC-D36A17F3E45E}.Release|Any CPU.Build.0 = Release|Any CPU
		{A71EA24D-2A1C-426D-B6B9-14585C79AD79}.Debug|Any CPU.ActiveCfg = Debug|Any CPU
		{A71EA24D-2A1C-426D-B6B9-14585C79AD79}.Debug|Any CPU.Build.0 = Debug|Any CPU
		{A71EA24D-2A1C-426D-B6B9-14585C79AD79}.Release|Any CPU.ActiveCfg = Release|Any CPU
		{A71EA24D-2A1C-426D-B6B9-14585C79AD79}.Release|Any CPU.Build.0 = Release|Any CPU
	EndGlobalSection
	GlobalSection(SolutionProperties) = preSolution
		HideSolutionNode = FALSE
	EndGlobalSection
	GlobalSection(ExtensibilityGlobals) = postSolution
		SolutionGuid = {A983A0DA-B500-4ADF-A7F0-78C9BDAB510B}
	EndGlobalSection
EndGlobal
